
Microsoft Visual Studio Solution File, Format Version 12.00
# Visual Studio 15
VisualStudioVersion = 15.0.28307.779
MinimumVisualStudioVersion = 10.0.40219.1
Project("{FAE04EC0-301F-11D3-BF4B-00C04F79EFBC}") = "WodLero.Api", "WodLero.Api\WodLero.Api.csproj", "{FAAB6309-04D4-4DB3-B67D-C8C81BCEFC23}"
EndProject
Project("{FAE04EC0-301F-11D3-BF4B-00C04F79EFBC}") = "WodLero.Domain", "WodLero.Domain\WodLero.Domain.csproj", "{7289137B-73AA-4DB0-9B8A-2F7419A0F5EB}"
EndProject
Global
	GlobalSection(SolutionConfigurationPlatforms) = preSolution
		Debug|Any CPU = Debug|Any CPU
		Release|Any CPU = Release|Any CPU
	EndGlobalSection
	GlobalSection(ProjectConfigurationPlatforms) = postSolution
		{FAAB6309-04D4-4DB3-B67D-C8C81BCEFC23}.Debug|Any CPU.ActiveCfg = Debug|Any CPU
		{FAAB6309-04D4-4DB3-B67D-C8C81BCEFC23}.Debug|Any CPU.Build.0 = Debug|Any CPU
		{FAAB6309-04D4-4DB3-B67D-C8C81BCEFC23}.Release|Any CPU.ActiveCfg = Release|Any CPU
		{FAAB6309-04D4-4DB3-B67D-C8C81BCEFC23}.Release|Any CPU.Build.0 = Release|Any CPU
		{7289137B-73AA-4DB0-9B8A-2F7419A0F5EB}.Debug|Any CPU.ActiveCfg = Debug|Any CPU
		{7289137B-73AA-4DB0-9B8A-2F7419A0F5EB}.Debug|Any CPU.Build.0 = Debug|Any CPU
		{7289137B-73AA-4DB0-9B8A-2F7419A0F5EB}.Release|Any CPU.ActiveCfg = Release|Any CPU
		{7289137B-73AA-4DB0-9B8A-2F7419A0F5EB}.Release|Any CPU.Build.0 = Release|Any CPU
	EndGlobalSection
	GlobalSection(SolutionProperties) = preSolution
		HideSolutionNode = FALSE
	EndGlobalSection
	GlobalSection(ExtensibilityGlobals) = postSolution
		SolutionGuid = {FB9E491F-94F3-4333-B0B3-41D283840320}
	EndGlobalSection
EndGlobal
